
Microsoft Visual Studio Solution File, Format Version 12.00
# Visual Studio Version 16
VisualStudioVersion = 16.0.31702.278
MinimumVisualStudioVersion = 10.0.40219.1
Project("{FAE04EC0-301F-11D3-BF4B-00C04F79EFBC}") = "CRUD_Emp_SP", "FirstApp\CRUD_Emp_SP.csproj", "{B12E5929-9F05-491C-A991-59AEDC5204A2}"
EndProject
Global
	GlobalSection(SolutionConfigurationPlatforms) = preSolution
		Debug|Any CPU = Debug|Any CPU
		Release|Any CPU = Release|Any CPU
	EndGlobalSection
	GlobalSection(ProjectConfigurationPlatforms) = postSolution
		{B12E5929-9F05-491C-A991-59AEDC5204A2}.Debug|Any CPU.ActiveCfg = Debug|Any CPU
		{B12E5929-9F05-491C-A991-59AEDC5204A2}.Debug|Any CPU.Build.0 = Debug|Any CPU
		{B12E5929-9F05-491C-A991-59AEDC5204A2}.Release|Any CPU.ActiveCfg = Release|Any CPU
		{B12E5929-9F05-491C-A991-59AEDC5204A2}.Release|Any CPU.Build.0 = Release|Any CPU
	EndGlobalSection
	GlobalSection(SolutionProperties) = preSolution
		HideSolutionNode = FALSE
	EndGlobalSection
	GlobalSection(ExtensibilityGlobals) = postSolution
		SolutionGuid = {33296E3D-7E76-469C-82EC-19C9106DC114}
	EndGlobalSection
EndGlobal
